// !$*UTF8*$!
{
	archiveVersion = 1;
	classes = {
	};
	objectVersion = 46;
	objects = {

/* Begin PBXBuildFile section */
		3F54B20C1A113EA9001B8B21 /* Foundation.framework in Frameworks */ = {isa = PBXBuildFile; fileRef = 3F54B20B1A113EA9001B8B21 /* Foundation.framework */; };
		3F54B20E1A113EA9001B8B21 /* CoreGraphics.framework in Frameworks */ = {isa = PBXBuildFile; fileRef = 3F54B20D1A113EA9001B8B21 /* CoreGraphics.framework */; };
		3F54B2101A113EA9001B8B21 /* UIKit.framework in Frameworks */ = {isa = PBXBuildFile; fileRef = 3F54B20F1A113EA9001B8B21 /* UIKit.framework */; };
		3F54B2161A113EA9001B8B21 /* InfoPlist.strings in Resources */ = {isa = PBXBuildFile; fileRef = 3F54B2141A113EA9001B8B21 /* InfoPlist.strings */; };
		3F54B2181A113EA9001B8B21 /* main.m in Sources */ = {isa = PBXBuildFile; fileRef = 3F54B2171A113EA9001B8B21 /* main.m */; };
		3F54B21C1A113EA9001B8B21 /* AppDelegate.m in Sources */ = {isa = PBXBuildFile; fileRef = 3F54B21B1A113EA9001B8B21 /* AppDelegate.m */; };
		3F54B21F1A113EA9001B8B21 /* Main_iPhone.storyboard in Resources */ = {isa = PBXBuildFile; fileRef = 3F54B21D1A113EA9001B8B21 /* Main_iPhone.storyboard */; };
		3F54B2221A113EA9001B8B21 /* Main_iPad.storyboard in Resources */ = {isa = PBXBuildFile; fileRef = 3F54B2201A113EA9001B8B21 /* Main_iPad.storyboard */; };
		3F54B2251A113EA9001B8B21 /* ViewController.m in Sources */ = {isa = PBXBuildFile; fileRef = 3F54B2241A113EA9001B8B21 /* ViewController.m */; };
		3F54B2271A113EA9001B8B21 /* Images.xcassets in Resources */ = {isa = PBXBuildFile; fileRef = 3F54B2261A113EA9001B8B21 /* Images.xcassets */; };
		3F54B22E1A113EA9001B8B21 /* XCTest.framework in Frameworks */ = {isa = PBXBuildFile; fileRef = 3F54B22D1A113EA9001B8B21 /* XCTest.framework */; };
		3F54B22F1A113EA9001B8B21 /* Foundation.framework in Frameworks */ = {isa = PBXBuildFile; fileRef = 3F54B20B1A113EA9001B8B21 /* Foundation.framework */; };
		3F54B2301A113EA9001B8B21 /* UIKit.framework in Frameworks */ = {isa = PBXBuildFile; fileRef = 3F54B20F1A113EA9001B8B21 /* UIKit.framework */; };
		3F54B2381A113EA9001B8B21 /* InfoPlist.strings in Resources */ = {isa = PBXBuildFile; fileRef = 3F54B2361A113EA9001B8B21 /* InfoPlist.strings */; };
		3F54B23A1A113EA9001B8B21 /* EddressTests.m in Sources */ = {isa = PBXBuildFile; fileRef = 3F54B2391A113EA9001B8B21 /* EddressTests.m */; };
/* End PBXBuildFile section */

/* Begin PBXContainerItemProxy section */
		3F54B2311A113EA9001B8B21 /* PBXContainerItemProxy */ = {
			isa = PBXContainerItemProxy;
			containerPortal = 3F54B2001A113EA9001B8B21 /* Project object */;
			proxyType = 1;
			remoteGlobalIDString = 3F54B2071A113EA9001B8B21;
			remoteInfo = Eddress;
		};
/* End PBXContainerItemProxy section */

/* Begin PBXFileReference section */
		3F54B2081A113EA9001B8B21 /* Eddress.app */ = {isa = PBXFileReference; explicitFileType = wrapper.application; includeInIndex = 0; path = Eddress.app; sourceTree = BUILT_PRODUCTS_DIR; };
		3F54B20B1A113EA9001B8B21 /* Foundation.framework */ = {isa = PBXFileReference; lastKnownFileType = wrapper.framework; name = Foundation.framework; path = System/Library/Frameworks/Foundation.framework; sourceTree = SDKROOT; };
		3F54B20D1A113EA9001B8B21 /* CoreGraphics.framework */ = {isa = PBXFileReference; lastKnownFileType = wrapper.framework; name = CoreGraphics.framework; path = System/Library/Frameworks/CoreGraphics.framework; sourceTree = SDKROOT; };
		3F54B20F1A113EA9001B8B21 /* UIKit.framework */ = {isa = PBXFileReference; lastKnownFileType = wrapper.framework; name = UIKit.framework; path = System/Library/Frameworks/UIKit.framework; sourceTree = SDKROOT; };
		3F54B2131A113EA9001B8B21 /* Eddress-Info.plist */ = {isa = PBXFileReference; lastKnownFileType = text.plist.xml; path = "Eddress-Info.plist"; sourceTree = "<group>"; };
		3F54B2151A113EA9001B8B21 /* en */ = {isa = PBXFileReference; lastKnownFileType = text.plist.strings; name = en; path = en.lproj/InfoPlist.strings; sourceTree = "<group>"; };
		3F54B2171A113EA9001B8B21 /* main.m */ = {isa = PBXFileReference; lastKnownFileType = sourcecode.c.objc; path = main.m; sourceTree = "<group>"; };
		3F54B2191A113EA9001B8B21 /* Eddress-Prefix.pch */ = {isa = PBXFileReference; lastKnownFileType = sourcecode.c.h; path = "Eddress-Prefix.pch"; sourceTree = "<group>"; };
		3F54B21A1A113EA9001B8B21 /* AppDelegate.h */ = {isa = PBXFileReference; lastKnownFileType = sourcecode.c.h; path = AppDelegate.h; sourceTree = "<group>"; };
		3F54B21B1A113EA9001B8B21 /* AppDelegate.m */ = {isa = PBXFileReference; lastKnownFileType = sourcecode.c.objc; path = AppDelegate.m; sourceTree = "<group>"; };
		3F54B21E1A113EA9001B8B21 /* Base */ = {isa = PBXFileReference; lastKnownFileType = file.storyboard; name = Base; path = Base.lproj/Main_iPhone.storyboard; sourceTree = "<group>"; };
		3F54B2211A113EA9001B8B21 /* Base */ = {isa = PBXFileReference; lastKnownFileType = file.storyboard; name = Base; path = Base.lproj/Main_iPad.storyboard; sourceTree = "<group>"; };
		3F54B2231A113EA9001B8B21 /* ViewController.h */ = {isa = PBXFileReference; lastKnownFileType = sourcecode.c.h; path = ViewController.h; sourceTree = "<group>"; };
		3F54B2241A113EA9001B8B21 /* ViewController.m */ = {isa = PBXFileReference; lastKnownFileType = sourcecode.c.objc; path = ViewController.m; sourceTree = "<group>"; };
		3F54B2261A113EA9001B8B21 /* Images.xcassets */ = {isa = PBXFileReference; lastKnownFileType = folder.assetcatalog; path = Images.xcassets; sourceTree = "<group>"; };
		3F54B22C1A113EA9001B8B21 /* EddressTests.xctest */ = {isa = PBXFileReference; explicitFileType = wrapper.cfbundle; includeInIndex = 0; path = EddressTests.xctest; sourceTree = BUILT_PRODUCTS_DIR; };
		3F54B22D1A113EA9001B8B21 /* XCTest.framework */ = {isa = PBXFileReference; lastKnownFileType = wrapper.framework; name = XCTest.framework; path = Library/Frameworks/XCTest.framework; sourceTree = DEVELOPER_DIR; };
		3F54B2351A113EA9001B8B21 /* EddressTests-Info.plist */ = {isa = PBXFileReference; lastKnownFileType = text.plist.xml; path = "EddressTests-Info.plist"; sourceTree = "<group>"; };
		3F54B2371A113EA9001B8B21 /* en */ = {isa = PBXFileReference; lastKnownFileType = text.plist.strings; name = en; path = en.lproj/InfoPlist.strings; sourceTree = "<group>"; };
		3F54B2391A113EA9001B8B21 /* EddressTests.m */ = {isa = PBXFileReference; lastKnownFileType = sourcecode.c.objc; path = EddressTests.m; sourceTree = "<group>"; };
/* End PBXFileReference section */

/* Begin PBXFrameworksBuildPhase section */
		3F54B2051A113EA9001B8B21 /* Frameworks */ = {
			isa = PBXFrameworksBuildPhase;
			buildActionMask = 2147483647;
			files = (
				3F54B20E1A113EA9001B8B21 /* CoreGraphics.framework in Frameworks */,
				3F54B2101A113EA9001B8B21 /* UIKit.framework in Frameworks */,
				3F54B20C1A113EA9001B8B21 /* Foundation.framework in Frameworks */,
			);
			runOnlyForDeploymentPostprocessing = 0;
		};
		3F54B2291A113EA9001B8B21 /* Frameworks */ = {
			isa = PBXFrameworksBuildPhase;
			buildActionMask = 2147483647;
			files = (
				3F54B22E1A113EA9001B8B21 /* XCTest.framework in Frameworks */,
				3F54B2301A113EA9001B8B21 /* UIKit.framework in Frameworks */,
				3F54B22F1A113EA9001B8B21 /* Foundation.framework in Frameworks */,
			);
			runOnlyForDeploymentPostprocessing = 0;
		};
/* End PBXFrameworksBuildPhase section */

/* Begin PBXGroup section */
		3F54B1FF1A113EA9001B8B21 = {
			isa = PBXGroup;
			children = (
				3F54B2111A113EA9001B8B21 /* Eddress */,
				3F54B2331A113EA9001B8B21 /* EddressTests */,
				3F54B20A1A113EA9001B8B21 /* Frameworks */,
				3F54B2091A113EA9001B8B21 /* Products */,
			);
			sourceTree = "<group>";
		};
		3F54B2091A113EA9001B8B21 /* Products */ = {
			isa = PBXGroup;
			children = (
				3F54B2081A113EA9001B8B21 /* Eddress.app */,
				3F54B22C1A113EA9001B8B21 /* EddressTests.xctest */,
			);
			name = Products;
			sourceTree = "<group>";
		};
		3F54B20A1A113EA9001B8B21 /* Frameworks */ = {
			isa = PBXGroup;
			children = (
				3F54B20B1A113EA9001B8B21 /* Foundation.framework */,
				3F54B20D1A113EA9001B8B21 /* CoreGraphics.framework */,
				3F54B20F1A113EA9001B8B21 /* UIKit.framework */,
				3F54B22D1A113EA9001B8B21 /* XCTest.framework */,
			);
			name = Frameworks;
			sourceTree = "<group>";
		};
		3F54B2111A113EA9001B8B21 /* Eddress */ = {
			isa = PBXGroup;
			children = (
				3F54B21A1A113EA9001B8B21 /* AppDelegate.h */,
				3F54B21B1A113EA9001B8B21 /* AppDelegate.m */,
				3F54B21D1A113EA9001B8B21 /* Main_iPhone.storyboard */,
				3F54B2201A113EA9001B8B21 /* Main_iPad.storyboard */,
				3F54B2231A113EA9001B8B21 /* ViewController.h */,
				3F54B2241A113EA9001B8B21 /* ViewController.m */,
				3F54B2261A113EA9001B8B21 /* Images.xcassets */,
				3F54B2121A113EA9001B8B21 /* Supporting Files */,
			);
			path = Eddress;
			sourceTree = "<group>";
		};
		3F54B2121A113EA9001B8B21 /* Supporting Files */ = {
			isa = PBXGroup;
			children = (
				3F54B2131A113EA9001B8B21 /* Eddress-Info.plist */,
				3F54B2141A113EA9001B8B21 /* InfoPlist.strings */,
				3F54B2171A113EA9001B8B21 /* main.m */,
				3F54B2191A113EA9001B8B21 /* Eddress-Prefix.pch */,
			);
			name = "Supporting Files";
			sourceTree = "<group>";
		};
		3F54B2331A113EA9001B8B21 /* EddressTests */ = {
			isa = PBXGroup;
			children = (
				3F54B2391A113EA9001B8B21 /* EddressTests.m */,
				3F54B2341A113EA9001B8B21 /* Supporting Files */,
			);
			path = EddressTests;
			sourceTree = "<group>";
		};
		3F54B2341A113EA9001B8B21 /* Supporting Files */ = {
			isa = PBXGroup;
			children = (
				3F54B2351A113EA9001B8B21 /* EddressTests-Info.plist */,
				3F54B2361A113EA9001B8B21 /* InfoPlist.strings */,
			);
			name = "Supporting Files";
			sourceTree = "<group>";
		};
/* End PBXGroup section */

/* Begin PBXNativeTarget section */
		3F54B2071A113EA9001B8B21 /* Eddress */ = {
			isa = PBXNativeTarget;
			buildConfigurationList = 3F54B23D1A113EA9001B8B21 /* Build configuration list for PBXNativeTarget "Eddress" */;
			buildPhases = (
				3F54B2041A113EA9001B8B21 /* Sources */,
				3F54B2051A113EA9001B8B21 /* Frameworks */,
				3F54B2061A113EA9001B8B21 /* Resources */,
			);
			buildRules = (
			);
			dependencies = (
			);
			name = Eddress;
			productName = Eddress;
			productReference = 3F54B2081A113EA9001B8B21 /* Eddress.app */;
			productType = "com.apple.product-type.application";
		};
		3F54B22B1A113EA9001B8B21 /* EddressTests */ = {
			isa = PBXNativeTarget;
			buildConfigurationList = 3F54B2401A113EA9001B8B21 /* Build configuration list for PBXNativeTarget "EddressTests" */;
			buildPhases = (
				3F54B2281A113EA9001B8B21 /* Sources */,
				3F54B2291A113EA9001B8B21 /* Frameworks */,
				3F54B22A1A113EA9001B8B21 /* Resources */,
			);
			buildRules = (
			);
			dependencies = (
				3F54B2321A113EA9001B8B21 /* PBXTargetDependency */,
			);
			name = EddressTests;
			productName = EddressTests;
			productReference = 3F54B22C1A113EA9001B8B21 /* EddressTests.xctest */;
			productType = "com.apple.product-type.bundle.unit-test";
		};
/* End PBXNativeTarget section */

/* Begin PBXProject section */
		3F54B2001A113EA9001B8B21 /* Project object */ = {
			isa = PBXProject;
			attributes = {
				LastUpgradeCheck = 0510;
				ORGANIZATIONNAME = "Gemmell, Kubota, Teller";
				TargetAttributes = {
					3F54B22B1A113EA9001B8B21 = {
						TestTargetID = 3F54B2071A113EA9001B8B21;
					};
				};
			};
			buildConfigurationList = 3F54B2031A113EA9001B8B21 /* Build configuration list for PBXProject "Eddress" */;
			compatibilityVersion = "Xcode 3.2";
			developmentRegion = English;
			hasScannedForEncodings = 0;
			knownRegions = (
				en,
				Base,
			);
			mainGroup = 3F54B1FF1A113EA9001B8B21;
			productRefGroup = 3F54B2091A113EA9001B8B21 /* Products */;
			projectDirPath = "";
			projectRoot = "";
			targets = (
				3F54B2071A113EA9001B8B21 /* Eddress */,
				3F54B22B1A113EA9001B8B21 /* EddressTests */,
			);
		};
/* End PBXProject section */

/* Begin PBXResourcesBuildPhase section */
		3F54B2061A113EA9001B8B21 /* Resources */ = {
			isa = PBXResourcesBuildPhase;
			buildActionMask = 2147483647;
			files = (
				3F54B2221A113EA9001B8B21 /* Main_iPad.storyboard in Resources */,
				3F54B2271A113EA9001B8B21 /* Images.xcassets in Resources */,
				3F54B21F1A113EA9001B8B21 /* Main_iPhone.storyboard in Resources */,
				3F54B2161A113EA9001B8B21 /* InfoPlist.strings in Resources */,
			);
			runOnlyForDeploymentPostprocessing = 0;
		};
		3F54B22A1A113EA9001B8B21 /* Resources */ = {
			isa = PBXResourcesBuildPhase;
			buildActionMask = 2147483647;
			files = (
				3F54B2381A113EA9001B8B21 /* InfoPlist.strings in Resources */,
			);
			runOnlyForDeploymentPostprocessing = 0;
		};
/* End PBXResourcesBuildPhase section */

/* Begin PBXSourcesBuildPhase section */
		3F54B2041A113EA9001B8B21 /* Sources */ = {
			isa = PBXSourcesBuildPhase;
			buildActionMask = 2147483647;
			files = (
				3F54B2251A113EA9001B8B21 /* ViewController.m in Sources */,
				3F54B21C1A113EA9001B8B21 /* AppDelegate.m in Sources */,
				3F54B2181A113EA9001B8B21 /* main.m in Sources */,
			);
			runOnlyForDeploymentPostprocessing = 0;
		};
		3F54B2281A113EA9001B8B21 /* Sources */ = {
			isa = PBXSourcesBuildPhase;
			buildActionMask = 2147483647;
			files = (
				3F54B23A1A113EA9001B8B21 /* EddressTests.m in Sources */,
			);
			runOnlyForDeploymentPostprocessing = 0;
		};
/* End PBXSourcesBuildPhase section */

/* Begin PBXTargetDependency section */
		3F54B2321A113EA9001B8B21 /* PBXTargetDependency */ = {
			isa = PBXTargetDependency;
			target = 3F54B2071A113EA9001B8B21 /* Eddress */;
			targetProxy = 3F54B2311A113EA9001B8B21 /* PBXContainerItemProxy */;
		};
/* End PBXTargetDependency section */

/* Begin PBXVariantGroup section */
		3F54B2141A113EA9001B8B21 /* InfoPlist.strings */ = {
			isa = PBXVariantGroup;
			children = (
				3F54B2151A113EA9001B8B21 /* en */,
			);
			name = InfoPlist.strings;
			sourceTree = "<group>";
		};
		3F54B21D1A113EA9001B8B21 /* Main_iPhone.storyboard */ = {
			isa = PBXVariantGroup;
			children = (
				3F54B21E1A113EA9001B8B21 /* Base */,
			);
			name = Main_iPhone.storyboard;
			sourceTree = "<group>";
		};
		3F54B2201A113EA9001B8B21 /* Main_iPad.storyboard */ = {
			isa = PBXVariantGroup;
			children = (
				3F54B2211A113EA9001B8B21 /* Base */,
			);
			name = Main_iPad.storyboard;
			sourceTree = "<group>";
		};
		3F54B2361A113EA9001B8B21 /* InfoPlist.strings */ = {
			isa = PBXVariantGroup;
			children = (
				3F54B2371A113EA9001B8B21 /* en */,
			);
			name = InfoPlist.strings;
			sourceTree = "<group>";
		};
/* End PBXVariantGroup section */

/* Begin XCBuildConfiguration section */
		3F54B23B1A113EA9001B8B21 /* Debug */ = {
			isa = XCBuildConfiguration;
			buildSettings = {
				ALWAYS_SEARCH_USER_PATHS = NO;
				CLANG_CXX_LANGUAGE_STANDARD = "gnu++0x";
				CLANG_CXX_LIBRARY = "libc++";
				CLANG_ENABLE_MODULES = YES;
				CLANG_ENABLE_OBJC_ARC = YES;
				CLANG_WARN_BOOL_CONVERSION = YES;
				CLANG_WARN_CONSTANT_CONVERSION = YES;
				CLANG_WARN_DIRECT_OBJC_ISA_USAGE = YES_ERROR;
				CLANG_WARN_EMPTY_BODY = YES;
				CLANG_WARN_ENUM_CONVERSION = YES;
				CLANG_WARN_INT_CONVERSION = YES;
				CLANG_WARN_OBJC_ROOT_CLASS = YES_ERROR;
				CLANG_WARN__DUPLICATE_METHOD_MATCH = YES;
				"CODE_SIGN_IDENTITY[sdk=iphoneos*]" = "iPhone Developer";
				COPY_PHASE_STRIP = NO;
				GCC_C_LANGUAGE_STANDARD = gnu99;
				GCC_DYNAMIC_NO_PIC = NO;
				GCC_OPTIMIZATION_LEVEL = 0;
				GCC_PREPROCESSOR_DEFINITIONS = (
					"DEBUG=1",
					"$(inherited)",
				);
				GCC_SYMBOLS_PRIVATE_EXTERN = NO;
				GCC_WARN_64_TO_32_BIT_CONVERSION = YES;
				GCC_WARN_ABOUT_RETURN_TYPE = YES_ERROR;
				GCC_WARN_UNDECLARED_SELECTOR = YES;
				GCC_WARN_UNINITIALIZED_AUTOS = YES_AGGRESSIVE;
				GCC_WARN_UNUSED_FUNCTION = YES;
				GCC_WARN_UNUSED_VARIABLE = YES;
				IPHONEOS_DEPLOYMENT_TARGET = 7.1;
				ONLY_ACTIVE_ARCH = YES;
				SDKROOT = iphoneos;
				TARGETED_DEVICE_FAMILY = "1,2";
			};
			name = Debug;
		};
		3F54B23C1A113EA9001B8B21 /* Release */ = {
			isa = XCBuildConfiguration;
			buildSettings = {
				ALWAYS_SEARCH_USER_PATHS = NO;
				CLANG_CXX_LANGUAGE_STANDARD = "gnu++0x";
				CLANG_CXX_LIBRARY = "libc++";
				CLANG_ENABLE_MODULES = YES;
				CLANG_ENABLE_OBJC_ARC = YES;
				CLANG_WARN_BOOL_CONVERSION = YES;
				CLANG_WARN_CONSTANT_CONVERSION = YES;
				CLANG_WARN_DIRECT_OBJC_ISA_USAGE = YES_ERROR;
				CLANG_WARN_EMPTY_BODY = YES;
				CLANG_WARN_ENUM_CONVERSION = YES;
				CLANG_WARN_INT_CONVERSION = YES;
				CLANG_WARN_OBJC_ROOT_CLASS = YES_ERROR;
				CLANG_WARN__DUPLICATE_METHOD_MATCH = YES;
				"CODE_SIGN_IDENTITY[sdk=iphoneos*]" = "iPhone Developer";
				COPY_PHASE_STRIP = YES;
				ENABLE_NS_ASSERTIONS = NO;
				GCC_C_LANGUAGE_STANDARD = gnu99;
				GCC_WARN_64_TO_32_BIT_CONVERSION = YES;
				GCC_WARN_ABOUT_RETURN_TYPE = YES_ERROR;
				GCC_WARN_UNDECLARED_SELECTOR = YES;
				GCC_WARN_UNINITIALIZED_AUTOS = YES_AGGRESSIVE;
				GCC_WARN_UNUSED_FUNCTION = YES;
				GCC_WARN_UNUSED_VARIABLE = YES;
				IPHONEOS_DEPLOYMENT_TARGET = 7.1;
				SDKROOT = iphoneos;
				TARGETED_DEVICE_FAMILY = "1,2";
				VALIDATE_PRODUCT = YES;
			};
			name = Release;
		};
		3F54B23E1A113EA9001B8B21 /* Debug */ = {
			isa = XCBuildConfiguration;
			buildSettings = {
				ASSETCATALOG_COMPILER_APPICON_NAME = AppIcon;
				ASSETCATALOG_COMPILER_LAUNCHIMAGE_NAME = LaunchImage;
				GCC_PRECOMPILE_PREFIX_HEADER = YES;
				GCC_PREFIX_HEADER = "Eddress/Eddress-Prefix.pch";
				INFOPLIST_FILE = "Eddress/Eddress-Info.plist";
				PRODUCT_NAME = "$(TARGET_NAME)";
				WRAPPER_EXTENSION = app;
			};
			name = Debug;
		};
		3F54B23F1A113EA9001B8B21 /* Release */ = {
			isa = XCBuildConfiguration;
			buildSettings = {
				ASSETCATALOG_COMPILER_APPICON_NAME = AppIcon;
				ASSETCATALOG_COMPILER_LAUNCHIMAGE_NAME = LaunchImage;
				GCC_PRECOMPILE_PREFIX_HEADER = YES;
				GCC_PREFIX_HEADER = "Eddress/Eddress-Prefix.pch";
				INFOPLIST_FILE = "Eddress/Eddress-Info.plist";
				PRODUCT_NAME = "$(TARGET_NAME)";
				WRAPPER_EXTENSION = app;
			};
			name = Release;
		};
		3F54B2411A113EA9001B8B21 /* Debug */ = {
			isa = XCBuildConfiguration;
			buildSettings = {
				BUNDLE_LOADER = "$(BUILT_PRODUCTS_DIR)/Eddress.app/Eddress";
				FRAMEWORK_SEARCH_PATHS = (
					"$(SDKROOT)/Developer/Library/Frameworks",
					"$(inherited)",
					"$(DEVELOPER_FRAMEWORKS_DIR)",
				);
				GCC_PRECOMPILE_PREFIX_HEADER = YES;
				GCC_PREFIX_HEADER = "Eddress/Eddress-Prefix.pch";
				GCC_PREPROCESSOR_DEFINITIONS = (
					"DEBUG=1",
					"$(inherited)",
				);
				INFOPLIST_FILE = "EddressTests/EddressTests-Info.plist";
				PRODUCT_NAME = "$(TARGET_NAME)";
				TEST_HOST = "$(BUNDLE_LOADER)";
				WRAPPER_EXTENSION = xctest;
			};
			name = Debug;
		};
		3F54B2421A113EA9001B8B21 /* Release */ = {
			isa = XCBuildConfiguration;
			buildSettings = {
				BUNDLE_LOADER = "$(BUILT_PRODUCTS_DIR)/Eddress.app/Eddress";
				FRAMEWORK_SEARCH_PATHS = (
					"$(SDKROOT)/Developer/Library/Frameworks",
					"$(inherited)",
					"$(DEVELOPER_FRAMEWORKS_DIR)",
				);
				GCC_PRECOMPILE_PREFIX_HEADER = YES;
				GCC_PREFIX_HEADER = "Eddress/Eddress-Prefix.pch";
				INFOPLIST_FILE = "EddressTests/EddressTests-Info.plist";
				PRODUCT_NAME = "$(TARGET_NAME)";
				TEST_HOST = "$(BUNDLE_LOADER)";
				WRAPPER_EXTENSION = xctest;
			};
			name = Release;
		};
/* End XCBuildConfiguration section */

/* Begin XCConfigurationList section */
		3F54B2031A113EA9001B8B21 /* Build configuration list for PBXProject "Eddress" */ = {
			isa = XCConfigurationList;
			buildConfigurations = (
				3F54B23B1A113EA9001B8B21 /* Debug */,
				3F54B23C1A113EA9001B8B21 /* Release */,
			);
			defaultConfigurationIsVisible = 0;
			defaultConfigurationName = Release;
		};
		3F54B23D1A113EA9001B8B21 /* Build configuration list for PBXNativeTarget "Eddress" */ = {
			isa = XCConfigurationList;
			buildConfigurations = (
				3F54B23E1A113EA9001B8B21 /* Debug */,
				3F54B23F1A113EA9001B8B21 /* Release */,
			);
			defaultConfigurationIsVisible = 0;
		};
		3F54B2401A113EA9001B8B21 /* Build configuration list for PBXNativeTarget "EddressTests" */ = {
			isa = XCConfigurationList;
			buildConfigurations = (
				3F54B2411A113EA9001B8B21 /* Debug */,
				3F54B2421A113EA9001B8B21 /* Release */,
			);
			defaultConfigurationIsVisible = 0;
		};
/* End XCConfigurationList section */
	};
	rootObject = 3F54B2001A113EA9001B8B21 /* Project object */;
}
